
Microsoft Visual Studio Solution File, Format Version 12.00
# Visual Studio Version 16
VisualStudioVersion = 16.0.31005.135
MinimumVisualStudioVersion = 10.0.40219.1
Project("{8BC9CEB8-8B4A-11D0-8D11-00A0C91BC942}") = "malware-client", "malware-client\malware.vcxproj", "{7CD3BE91-CFA6-4CD5-BDE0-CFD36FCBA43A}"
EndProject
Project("{8BC9CEB8-8B4A-11D0-8D11-00A0C91BC942}") = "malware-server", "malware-server\attacker.vcxproj", "{5A23762F-E4E2-4AB9-8698-6E2C649F3CED}"
EndProject
Project("{8BC9CEB8-8B4A-11D0-8D11-00A0C91BC942}") = "win-server", "win-server\server.vcxproj", "{7073A5D6-785E-4C08-9A81-881306354257}"
EndProject
Project("{8BC9CEB8-8B4A-11D0-8D11-00A0C91BC942}") = "win-client", "win-client\client.vcxproj", "{4C00A43B-4476-4EBA-8C75-CE6EABFD562B}"
EndProject
Global
	GlobalSection(SolutionConfigurationPlatforms) = preSolution
		Debug|x64 = Debug|x64
		Debug|x86 = Debug|x86
		Release|x64 = Release|x64
		Release|x86 = Release|x86
	EndGlobalSection
	GlobalSection(ProjectConfigurationPlatforms) = postSolution
		{7CD3BE91-CFA6-4CD5-BDE0-CFD36FCBA43A}.Debug|x64.ActiveCfg = Debug|x64
		{7CD3BE91-CFA6-4CD5-BDE0-CFD36FCBA43A}.Debug|x64.Build.0 = Debug|x64
		{7CD3BE91-CFA6-4CD5-BDE0-CFD36FCBA43A}.Debug|x86.ActiveCfg = Debug|Win32
		{7CD3BE91-CFA6-4CD5-BDE0-CFD36FCBA43A}.Debug|x86.Build.0 = Debug|Win32
		{7CD3BE91-CFA6-4CD5-BDE0-CFD36FCBA43A}.Release|x64.ActiveCfg = Release|x64
		{7CD3BE91-CFA6-4CD5-BDE0-CFD36FCBA43A}.Release|x64.Build.0 = Release|x64
		{7CD3BE91-CFA6-4CD5-BDE0-CFD36FCBA43A}.Release|x86.ActiveCfg = Release|Win32
		{7CD3BE91-CFA6-4CD5-BDE0-CFD36FCBA43A}.Release|x86.Build.0 = Release|Win32
		{5A23762F-E4E2-4AB9-8698-6E2C649F3CED}.Debug|x64.ActiveCfg = Debug|x64
		{5A23762F-E4E2-4AB9-8698-6E2C649F3CED}.Debug|x64.Build.0 = Debug|x64
		{5A23762F-E4E2-4AB9-8698-6E2C649F3CED}.Debug|x86.ActiveCfg = Debug|Win32
		{5A23762F-E4E2-4AB9-8698-6E2C649F3CED}.Debug|x86.Build.0 = Debug|Win32
		{5A23762F-E4E2-4AB9-8698-6E2C649F3CED}.Release|x64.ActiveCfg = Release|x64
		{5A23762F-E4E2-4AB9-8698-6E2C649F3CED}.Release|x64.Build.0 = Release|x64
		{5A23762F-E4E2-4AB9-8698-6E2C649F3CED}.Release|x86.ActiveCfg = Release|Win32
		{5A23762F-E4E2-4AB9-8698-6E2C649F3CED}.Release|x86.Build.0 = Release|Win32
		{7073A5D6-785E-4C08-9A81-881306354257}.Debug|x64.ActiveCfg = Debug|x64
		{7073A5D6-785E-4C08-9A81-881306354257}.Debug|x64.Build.0 = Debug|x64
		{7073A5D6-785E-4C08-9A81-881306354257}.Debug|x86.ActiveCfg = Debug|Win32
		{7073A5D6-785E-4C08-9A81-881306354257}.Debug|x86.Build.0 = Debug|Win32
		{7073A5D6-785E-4C08-9A81-881306354257}.Release|x64.ActiveCfg = Release|x64
		{7073A5D6-785E-4C08-9A81-881306354257}.Release|x64.Build.0 = Release|x64
		{7073A5D6-785E-4C08-9A81-881306354257}.Release|x86.ActiveCfg = Release|Win32
		{7073A5D6-785E-4C08-9A81-881306354257}.Release|x86.Build.0 = Release|Win32
		{4C00A43B-4476-4EBA-8C75-CE6EABFD562B}.Debug|x64.ActiveCfg = Debug|x64
		{4C00A43B-4476-4EBA-8C75-CE6EABFD562B}.Debug|x64.Build.0 = Debug|x64
		{4C00A43B-4476-4EBA-8C75-CE6EABFD562B}.Debug|x86.ActiveCfg = Debug|Win32
		{4C00A43B-4476-4EBA-8C75-CE6EABFD562B}.Debug|x86.Build.0 = Debug|Win32
		{4C00A43B-4476-4EBA-8C75-CE6EABFD562B}.Release|x64.ActiveCfg = Release|x64
		{4C00A43B-4476-4EBA-8C75-CE6EABFD562B}.Release|x64.Build.0 = Release|x64
		{4C00A43B-4476-4EBA-8C75-CE6EABFD562B}.Release|x86.ActiveCfg = Release|Win32
		{4C00A43B-4476-4EBA-8C75-CE6EABFD562B}.Release|x86.Build.0 = Release|Win32
	EndGlobalSection
	GlobalSection(SolutionProperties) = preSolution
		HideSolutionNode = FALSE
	EndGlobalSection
	GlobalSection(ExtensibilityGlobals) = postSolution
		SolutionGuid = {47FDC35D-048A-4BE9-872D-24AC5428A795}
	EndGlobalSection
EndGlobal
