
Microsoft Visual Studio Solution File, Format Version 12.00
# Visual Studio 14
VisualStudioVersion = 14.0.25420.1
MinimumVisualStudioVersion = 10.0.40219.1
Project("{8BC9CEB8-8B4A-11D0-8D11-00A0C91BC942}") = "WSAStartup", "WSAStartup\WSAStartup.vcxproj", "{110FBEEC-2E9D-4BDD-B3A6-60A506A22336}"
EndProject
Project("{8BC9CEB8-8B4A-11D0-8D11-00A0C91BC942}") = "socket", "socket\socket.vcxproj", "{6C194944-CB9E-4494-A460-671A2F3D7474}"
EndProject
Project("{8BC9CEB8-8B4A-11D0-8D11-00A0C91BC942}") = "bind", "bind\bind.vcxproj", "{72CA8716-17F1-4618-A947-B37D406F61CA}"
EndProject
Project("{8BC9CEB8-8B4A-11D0-8D11-00A0C91BC942}") = "server", "server\server.vcxproj", "{7073A5D6-785E-4C08-9A81-881306354257}"
EndProject
Project("{8BC9CEB8-8B4A-11D0-8D11-00A0C91BC942}") = "client", "client\client.vcxproj", "{4C00A43B-4476-4EBA-8C75-CE6EABFD562B}"
EndProject
Project("{8BC9CEB8-8B4A-11D0-8D11-00A0C91BC942}") = "attacker", "attacker\attacker.vcxproj", "{5A23762F-E4E2-4AB9-8698-6E2C649F3CED}"
EndProject
Project("{8BC9CEB8-8B4A-11D0-8D11-00A0C91BC942}") = "malware", "malware\malware.vcxproj", "{7CD3BE91-CFA6-4CD5-BDE0-CFD36FCBA43A}"
EndProject
Project("{8BC9CEB8-8B4A-11D0-8D11-00A0C91BC942}") = "downloadaFile", "downloadaFile\downloadaFile.vcxproj", "{FFE00E1C-9F3B-4BA1-897D-772818520491}"
EndProject
Global
	GlobalSection(SolutionConfigurationPlatforms) = preSolution
		Debug|x64 = Debug|x64
		Debug|x86 = Debug|x86
		Release|x64 = Release|x64
		Release|x86 = Release|x86
	EndGlobalSection
	GlobalSection(ProjectConfigurationPlatforms) = postSolution
		{110FBEEC-2E9D-4BDD-B3A6-60A506A22336}.Debug|x64.ActiveCfg = Debug|x64
		{110FBEEC-2E9D-4BDD-B3A6-60A506A22336}.Debug|x64.Build.0 = Debug|x64
		{110FBEEC-2E9D-4BDD-B3A6-60A506A22336}.Debug|x86.ActiveCfg = Debug|Win32
		{110FBEEC-2E9D-4BDD-B3A6-60A506A22336}.Debug|x86.Build.0 = Debug|Win32
		{110FBEEC-2E9D-4BDD-B3A6-60A506A22336}.Release|x64.ActiveCfg = Release|x64
		{110FBEEC-2E9D-4BDD-B3A6-60A506A22336}.Release|x64.Build.0 = Release|x64
		{110FBEEC-2E9D-4BDD-B3A6-60A506A22336}.Release|x86.ActiveCfg = Release|Win32
		{110FBEEC-2E9D-4BDD-B3A6-60A506A22336}.Release|x86.Build.0 = Release|Win32
		{6C194944-CB9E-4494-A460-671A2F3D7474}.Debug|x64.ActiveCfg = Debug|x64
		{6C194944-CB9E-4494-A460-671A2F3D7474}.Debug|x64.Build.0 = Debug|x64
		{6C194944-CB9E-4494-A460-671A2F3D7474}.Debug|x86.ActiveCfg = Debug|Win32
		{6C194944-CB9E-4494-A460-671A2F3D7474}.Debug|x86.Build.0 = Debug|Win32
		{6C194944-CB9E-4494-A460-671A2F3D7474}.Release|x64.ActiveCfg = Release|x64
		{6C194944-CB9E-4494-A460-671A2F3D7474}.Release|x64.Build.0 = Release|x64
		{6C194944-CB9E-4494-A460-671A2F3D7474}.Release|x86.ActiveCfg = Release|Win32
		{6C194944-CB9E-4494-A460-671A2F3D7474}.Release|x86.Build.0 = Release|Win32
		{72CA8716-17F1-4618-A947-B37D406F61CA}.Debug|x64.ActiveCfg = Debug|x64
		{72CA8716-17F1-4618-A947-B37D406F61CA}.Debug|x64.Build.0 = Debug|x64
		{72CA8716-17F1-4618-A947-B37D406F61CA}.Debug|x86.ActiveCfg = Debug|Win32
		{72CA8716-17F1-4618-A947-B37D406F61CA}.Debug|x86.Build.0 = Debug|Win32
		{72CA8716-17F1-4618-A947-B37D406F61CA}.Release|x64.ActiveCfg = Release|x64
		{72CA8716-17F1-4618-A947-B37D406F61CA}.Release|x64.Build.0 = Release|x64
		{72CA8716-17F1-4618-A947-B37D406F61CA}.Release|x86.ActiveCfg = Release|Win32
		{72CA8716-17F1-4618-A947-B37D406F61CA}.Release|x86.Build.0 = Release|Win32
		{7073A5D6-785E-4C08-9A81-881306354257}.Debug|x64.ActiveCfg = Debug|x64
		{7073A5D6-785E-4C08-9A81-881306354257}.Debug|x64.Build.0 = Debug|x64
		{7073A5D6-785E-4C08-9A81-881306354257}.Debug|x86.ActiveCfg = Debug|Win32
		{7073A5D6-785E-4C08-9A81-881306354257}.Debug|x86.Build.0 = Debug|Win32
		{7073A5D6-785E-4C08-9A81-881306354257}.Release|x64.ActiveCfg = Release|x64
		{7073A5D6-785E-4C08-9A81-881306354257}.Release|x64.Build.0 = Release|x64
		{7073A5D6-785E-4C08-9A81-881306354257}.Release|x86.ActiveCfg = Release|Win32
		{7073A5D6-785E-4C08-9A81-881306354257}.Release|x86.Build.0 = Release|Win32
		{4C00A43B-4476-4EBA-8C75-CE6EABFD562B}.Debug|x64.ActiveCfg = Debug|x64
		{4C00A43B-4476-4EBA-8C75-CE6EABFD562B}.Debug|x64.Build.0 = Debug|x64
		{4C00A43B-4476-4EBA-8C75-CE6EABFD562B}.Debug|x86.ActiveCfg = Debug|Win32
		{4C00A43B-4476-4EBA-8C75-CE6EABFD562B}.Debug|x86.Build.0 = Debug|Win32
		{4C00A43B-4476-4EBA-8C75-CE6EABFD562B}.Release|x64.ActiveCfg = Release|x64
		{4C00A43B-4476-4EBA-8C75-CE6EABFD562B}.Release|x64.Build.0 = Release|x64
		{4C00A43B-4476-4EBA-8C75-CE6EABFD562B}.Release|x86.ActiveCfg = Release|Win32
		{4C00A43B-4476-4EBA-8C75-CE6EABFD562B}.Release|x86.Build.0 = Release|Win32
		{5A23762F-E4E2-4AB9-8698-6E2C649F3CED}.Debug|x64.ActiveCfg = Debug|x64
		{5A23762F-E4E2-4AB9-8698-6E2C649F3CED}.Debug|x64.Build.0 = Debug|x64
		{5A23762F-E4E2-4AB9-8698-6E2C649F3CED}.Debug|x86.ActiveCfg = Debug|Win32
		{5A23762F-E4E2-4AB9-8698-6E2C649F3CED}.Debug|x86.Build.0 = Debug|Win32
		{5A23762F-E4E2-4AB9-8698-6E2C649F3CED}.Release|x64.ActiveCfg = Release|x64
		{5A23762F-E4E2-4AB9-8698-6E2C649F3CED}.Release|x64.Build.0 = Release|x64
		{5A23762F-E4E2-4AB9-8698-6E2C649F3CED}.Release|x86.ActiveCfg = Release|Win32
		{5A23762F-E4E2-4AB9-8698-6E2C649F3CED}.Release|x86.Build.0 = Release|Win32
		{7CD3BE91-CFA6-4CD5-BDE0-CFD36FCBA43A}.Debug|x64.ActiveCfg = Debug|x64
		{7CD3BE91-CFA6-4CD5-BDE0-CFD36FCBA43A}.Debug|x64.Build.0 = Debug|x64
		{7CD3BE91-CFA6-4CD5-BDE0-CFD36FCBA43A}.Debug|x86.ActiveCfg = Debug|Win32
		{7CD3BE91-CFA6-4CD5-BDE0-CFD36FCBA43A}.Debug|x86.Build.0 = Debug|Win32
		{7CD3BE91-CFA6-4CD5-BDE0-CFD36FCBA43A}.Release|x64.ActiveCfg = Release|x64
		{7CD3BE91-CFA6-4CD5-BDE0-CFD36FCBA43A}.Release|x64.Build.0 = Release|x64
		{7CD3BE91-CFA6-4CD5-BDE0-CFD36FCBA43A}.Release|x86.ActiveCfg = Release|Win32
		{7CD3BE91-CFA6-4CD5-BDE0-CFD36FCBA43A}.Release|x86.Build.0 = Release|Win32
		{FFE00E1C-9F3B-4BA1-897D-772818520491}.Debug|x64.ActiveCfg = Debug|x64
		{FFE00E1C-9F3B-4BA1-897D-772818520491}.Debug|x64.Build.0 = Debug|x64
		{FFE00E1C-9F3B-4BA1-897D-772818520491}.Debug|x86.ActiveCfg = Debug|Win32
		{FFE00E1C-9F3B-4BA1-897D-772818520491}.Debug|x86.Build.0 = Debug|Win32
		{FFE00E1C-9F3B-4BA1-897D-772818520491}.Release|x64.ActiveCfg = Release|x64
		{FFE00E1C-9F3B-4BA1-897D-772818520491}.Release|x64.Build.0 = Release|x64
		{FFE00E1C-9F3B-4BA1-897D-772818520491}.Release|x86.ActiveCfg = Release|Win32
		{FFE00E1C-9F3B-4BA1-897D-772818520491}.Release|x86.Build.0 = Release|Win32
	EndGlobalSection
	GlobalSection(SolutionProperties) = preSolution
		HideSolutionNode = FALSE
	EndGlobalSection
EndGlobal
